
Microsoft Visual Studio Solution File, Format Version 12.00
# Visual Studio 15
VisualStudioVersion = 15.0.27004.2002
MinimumVisualStudioVersion = 10.0.40219.1
Project("{8BC9CEB8-8B4A-11D0-8D11-00A0C91BC942}") = "ListTest of interview", "ListTest of interview\ListTest of interview.vcxproj", "{8B105499-0052-424B-9899-8EE308CD251F}"
EndProject
Global
	GlobalSection(SolutionConfigurationPlatforms) = preSolution
		Debug|x64 = Debug|x64
		Debug|x86 = Debug|x86
		Release|x64 = Release|x64
		Release|x86 = Release|x86
	EndGlobalSection
	GlobalSection(ProjectConfigurationPlatforms) = postSolution
		{8B105499-0052-424B-9899-8EE308CD251F}.Debug|x64.ActiveCfg = Debug|x64
		{8B105499-0052-424B-9899-8EE308CD251F}.Debug|x64.Build.0 = Debug|x64
		{8B105499-0052-424B-9899-8EE308CD251F}.Debug|x86.ActiveCfg = Debug|Win32
		{8B105499-0052-424B-9899-8EE308CD251F}.Debug|x86.Build.0 = Debug|Win32
		{8B105499-0052-424B-9899-8EE308CD251F}.Release|x64.ActiveCfg = Release|x64
		{8B105499-0052-424B-9899-8EE308CD251F}.Release|x64.Build.0 = Release|x64
		{8B105499-0052-424B-9899-8EE308CD251F}.Release|x86.ActiveCfg = Release|Win32
		{8B105499-0052-424B-9899-8EE308CD251F}.Release|x86.Build.0 = Release|Win32
	EndGlobalSection
	GlobalSection(SolutionProperties) = preSolution
		HideSolutionNode = FALSE
	EndGlobalSection
	GlobalSection(ExtensibilityGlobals) = postSolution
		SolutionGuid = {A194D7BD-D842-4F8B-B93C-AC0BCD4CA3D5}
	EndGlobalSection
EndGlobal
